
Microsoft Visual Studio Solution File, Format Version 12.00
# Visual Studio 15
VisualStudioVersion = 15.0.27703.2000
MinimumVisualStudioVersion = 10.0.40219.1
Project("{9A19103F-16F7-4668-BE54-9A1E7A4F7556}") = "OcelotApiGw", "OcelotApiGw.csproj", "{9744C847-D599-4EE4-BA41-F2B52244F26D}"
EndProject
Global
	GlobalSection(SolutionConfigurationPlatforms) = preSolution
		Debug|Any CPU = Debug|Any CPU
		Release|Any CPU = Release|Any CPU
	EndGlobalSection
	GlobalSection(ProjectConfigurationPlatforms) = postSolution
		{9744C847-D599-4EE4-BA41-F2B52244F26D}.Debug|Any CPU.ActiveCfg = Debug|Any CPU
		{9744C847-D599-4EE4-BA41-F2B52244F26D}.Debug|Any CPU.Build.0 = Debug|Any CPU
		{9744C847-D599-4EE4-BA41-F2B52244F26D}.Release|Any CPU.ActiveCfg = Release|Any CPU
		{9744C847-D599-4EE4-BA41-F2B52244F26D}.Release|Any CPU.Build.0 = Release|Any CPU
	EndGlobalSection
	GlobalSection(SolutionProperties) = preSolution
		HideSolutionNode = FALSE
	EndGlobalSection
	GlobalSection(ExtensibilityGlobals) = postSolution
		SolutionGuid = {5DC2E4D9-62E4-448A-8E74-FD530AB7FB41}
	EndGlobalSection
EndGlobal
